
Microsoft Visual Studio Solution File, Format Version 12.00
# Visual Studio 2013
VisualStudioVersion = 12.0.31101.0
MinimumVisualStudioVersion = 10.0.40219.1
Project("{2150E333-8FDC-42A3-9474-1A3956D46DE8}") = "00.Data", "00.Data", "{64635581-04FB-4AE9-A416-B9927BE657CA}"
EndProject
Project("{2150E333-8FDC-42A3-9474-1A3956D46DE8}") = "01.Business", "01.Business", "{D36DC2C1-FF02-4D8E-B0EC-7679E3FAF9AE}"
EndProject
Project("{2150E333-8FDC-42A3-9474-1A3956D46DE8}") = "02.UI", "02.UI", "{91C6ACF2-0048-4CF8-9421-B61B12D500B8}"
EndProject
Project("{FAE04EC0-301F-11D3-BF4B-00C04F79EFBC}") = "DataAccess", "DataAccess\DataAccess.csproj", "{6C5167C8-47A7-4B31-A670-EEE814827641}"
EndProject
Project("{2150E333-8FDC-42A3-9474-1A3956D46DE8}") = "Utilities", "Utilities", "{B748DD0C-B26C-4056-97CE-B7A3EEB89534}"
EndProject
Project("{FAE04EC0-301F-11D3-BF4B-00C04F79EFBC}") = "CommonUtils", "CommonUtils\CommonUtils.csproj", "{0E2DD92D-EA34-4D28-BBCF-1BB014E41AB9}"
EndProject
Project("{FAE04EC0-301F-11D3-BF4B-00C04F79EFBC}") = "BankManager", "BankManager\BankManager.csproj", "{ECFFF1CC-A8C9-4FCE-9BF3-E934354659B8}"
	ProjectSection(ProjectDependencies) = postProject
		{2BC4E919-DABC-4276-B03D-D0FED61B75CC} = {2BC4E919-DABC-4276-B03D-D0FED61B75CC}
	EndProjectSection
EndProject
Project("{FAE04EC0-301F-11D3-BF4B-00C04F79EFBC}") = "WebPortal", "WebPortal\WebPortal.csproj", "{20F1F405-F74B-4678-B346-57A1C0414CD6}"
	ProjectSection(ProjectDependencies) = postProject
		{2BC4E919-DABC-4276-B03D-D0FED61B75CC} = {2BC4E919-DABC-4276-B03D-D0FED61B75CC}
	EndProjectSection
EndProject
Project("{FAE04EC0-301F-11D3-BF4B-00C04F79EFBC}") = "DSABusinessServices", "DSABusinessServices\DSABusinessServices.csproj", "{2BC4E919-DABC-4276-B03D-D0FED61B75CC}"
EndProject
Global
	GlobalSection(SolutionConfigurationPlatforms) = preSolution
		Debug|Any CPU = Debug|Any CPU
		Release|Any CPU = Release|Any CPU
	EndGlobalSection
	GlobalSection(ProjectConfigurationPlatforms) = postSolution
		{6C5167C8-47A7-4B31-A670-EEE814827641}.Debug|Any CPU.ActiveCfg = Debug|Any CPU
		{6C5167C8-47A7-4B31-A670-EEE814827641}.Debug|Any CPU.Build.0 = Debug|Any CPU
		{6C5167C8-47A7-4B31-A670-EEE814827641}.Release|Any CPU.ActiveCfg = Release|Any CPU
		{6C5167C8-47A7-4B31-A670-EEE814827641}.Release|Any CPU.Build.0 = Release|Any CPU
		{0E2DD92D-EA34-4D28-BBCF-1BB014E41AB9}.Debug|Any CPU.ActiveCfg = Debug|Any CPU
		{0E2DD92D-EA34-4D28-BBCF-1BB014E41AB9}.Debug|Any CPU.Build.0 = Debug|Any CPU
		{0E2DD92D-EA34-4D28-BBCF-1BB014E41AB9}.Release|Any CPU.ActiveCfg = Release|Any CPU
		{0E2DD92D-EA34-4D28-BBCF-1BB014E41AB9}.Release|Any CPU.Build.0 = Release|Any CPU
		{ECFFF1CC-A8C9-4FCE-9BF3-E934354659B8}.Debug|Any CPU.ActiveCfg = Debug|Any CPU
		{ECFFF1CC-A8C9-4FCE-9BF3-E934354659B8}.Debug|Any CPU.Build.0 = Debug|Any CPU
		{ECFFF1CC-A8C9-4FCE-9BF3-E934354659B8}.Release|Any CPU.ActiveCfg = Release|Any CPU
		{ECFFF1CC-A8C9-4FCE-9BF3-E934354659B8}.Release|Any CPU.Build.0 = Release|Any CPU
		{20F1F405-F74B-4678-B346-57A1C0414CD6}.Debug|Any CPU.ActiveCfg = Debug|Any CPU
		{20F1F405-F74B-4678-B346-57A1C0414CD6}.Debug|Any CPU.Build.0 = Debug|Any CPU
		{20F1F405-F74B-4678-B346-57A1C0414CD6}.Release|Any CPU.ActiveCfg = Release|Any CPU
		{20F1F405-F74B-4678-B346-57A1C0414CD6}.Release|Any CPU.Build.0 = Release|Any CPU
		{2BC4E919-DABC-4276-B03D-D0FED61B75CC}.Debug|Any CPU.ActiveCfg = Debug|Any CPU
		{2BC4E919-DABC-4276-B03D-D0FED61B75CC}.Debug|Any CPU.Build.0 = Debug|Any CPU
		{2BC4E919-DABC-4276-B03D-D0FED61B75CC}.Release|Any CPU.ActiveCfg = Release|Any CPU
		{2BC4E919-DABC-4276-B03D-D0FED61B75CC}.Release|Any CPU.Build.0 = Release|Any CPU
	EndGlobalSection
	GlobalSection(SolutionProperties) = preSolution
		HideSolutionNode = FALSE
	EndGlobalSection
	GlobalSection(NestedProjects) = preSolution
		{6C5167C8-47A7-4B31-A670-EEE814827641} = {64635581-04FB-4AE9-A416-B9927BE657CA}
		{0E2DD92D-EA34-4D28-BBCF-1BB014E41AB9} = {B748DD0C-B26C-4056-97CE-B7A3EEB89534}
		{ECFFF1CC-A8C9-4FCE-9BF3-E934354659B8} = {91C6ACF2-0048-4CF8-9421-B61B12D500B8}
		{20F1F405-F74B-4678-B346-57A1C0414CD6} = {91C6ACF2-0048-4CF8-9421-B61B12D500B8}
		{2BC4E919-DABC-4276-B03D-D0FED61B75CC} = {D36DC2C1-FF02-4D8E-B0EC-7679E3FAF9AE}
	EndGlobalSection
EndGlobal
